
Microsoft Visual Studio Solution File, Format Version 12.00
# Visual Studio Version 17
VisualStudioVersion = 17.13.35828.75 d17.13
MinimumVisualStudioVersion = 10.0.40219.1
Project("{FAE04EC0-301F-11D3-BF4B-00C04F79EFBC}") = "BootStrapFrontendEx", "BootStrapFrontendEx\BootStrapFrontendEx.csproj", "{0742FFE8-6ECC-4E00-8F47-0EBD48D2998E}"
EndProject
Global
	GlobalSection(SolutionConfigurationPlatforms) = preSolution
		Debug|Any CPU = Debug|Any CPU
		Release|Any CPU = Release|Any CPU
	EndGlobalSection
	GlobalSection(ProjectConfigurationPlatforms) = postSolution
		{0742FFE8-6ECC-4E00-8F47-0EBD48D2998E}.Debug|Any CPU.ActiveCfg = Debug|Any CPU
		{0742FFE8-6ECC-4E00-8F47-0EBD48D2998E}.Debug|Any CPU.Build.0 = Debug|Any CPU
		{0742FFE8-6ECC-4E00-8F47-0EBD48D2998E}.Release|Any CPU.ActiveCfg = Release|Any CPU
		{0742FFE8-6ECC-4E00-8F47-0EBD48D2998E}.Release|Any CPU.Build.0 = Release|Any CPU
	EndGlobalSection
	GlobalSection(SolutionProperties) = preSolution
		HideSolutionNode = FALSE
	EndGlobalSection
	GlobalSection(ExtensibilityGlobals) = postSolution
		SolutionGuid = {F9B39041-9D74-4522-BF32-E853A8DBE469}
	EndGlobalSection
EndGlobal
